
Microsoft Visual Studio Solution File, Format Version 12.00
# Visual Studio 2013
VisualStudioVersion = 12.0.21005.1
MinimumVisualStudioVersion = 10.0.40219.1
Project("{FAE04EC0-301F-11D3-BF4B-00C04F79EFBC}") = "statsmachine", "statsmachine\statsmachine.csproj", "{C246337C-1C60-45A5-873B-687A3246DD1B}"
EndProject
Project("{FAE04EC0-301F-11D3-BF4B-00C04F79EFBC}") = "testmachine", "..\testmachine\testmachine.csproj", "{1A4C3FD4-AF1F-4708-AEB5-8BF4D1448E93}"
EndProject
Global
	GlobalSection(SolutionConfigurationPlatforms) = preSolution
		Debug|Any CPU = Debug|Any CPU
		Release|Any CPU = Release|Any CPU
	EndGlobalSection
	GlobalSection(ProjectConfigurationPlatforms) = postSolution
		{C246337C-1C60-45A5-873B-687A3246DD1B}.Debug|Any CPU.ActiveCfg = Debug|Any CPU
		{C246337C-1C60-45A5-873B-687A3246DD1B}.Debug|Any CPU.Build.0 = Debug|Any CPU
		{C246337C-1C60-45A5-873B-687A3246DD1B}.Release|Any CPU.ActiveCfg = Release|Any CPU
		{C246337C-1C60-45A5-873B-687A3246DD1B}.Release|Any CPU.Build.0 = Release|Any CPU
		{1A4C3FD4-AF1F-4708-AEB5-8BF4D1448E93}.Debug|Any CPU.ActiveCfg = Debug|Any CPU
		{1A4C3FD4-AF1F-4708-AEB5-8BF4D1448E93}.Debug|Any CPU.Build.0 = Debug|Any CPU
		{1A4C3FD4-AF1F-4708-AEB5-8BF4D1448E93}.Release|Any CPU.ActiveCfg = Release|Any CPU
		{1A4C3FD4-AF1F-4708-AEB5-8BF4D1448E93}.Release|Any CPU.Build.0 = Release|Any CPU
	EndGlobalSection
	GlobalSection(SolutionProperties) = preSolution
		HideSolutionNode = FALSE
	EndGlobalSection
EndGlobal
